
Microsoft Visual Studio Solution File, Format Version 12.00
# Visual Studio 14
VisualStudioVersion = 14.0.25123.0
MinimumVisualStudioVersion = 10.0.40219.1
Project("{FAE04EC0-301F-11D3-BF4B-00C04F79EFBC}") = "caroline.ed2.project.3", "caroline.ed2.project.3\caroline.ed2.project.3.csproj", "{DDBDA571-2FC6-44E3-A275-2DF8A1730C99}"
EndProject
Global
	GlobalSection(SolutionConfigurationPlatforms) = preSolution
		Debug|Any CPU = Debug|Any CPU
		Release|Any CPU = Release|Any CPU
	EndGlobalSection
	GlobalSection(ProjectConfigurationPlatforms) = postSolution
		{DDBDA571-2FC6-44E3-A275-2DF8A1730C99}.Debug|Any CPU.ActiveCfg = Debug|Any CPU
		{DDBDA571-2FC6-44E3-A275-2DF8A1730C99}.Debug|Any CPU.Build.0 = Debug|Any CPU
		{DDBDA571-2FC6-44E3-A275-2DF8A1730C99}.Release|Any CPU.ActiveCfg = Release|Any CPU
		{DDBDA571-2FC6-44E3-A275-2DF8A1730C99}.Release|Any CPU.Build.0 = Release|Any CPU
	EndGlobalSection
	GlobalSection(SolutionProperties) = preSolution
		HideSolutionNode = FALSE
	EndGlobalSection
EndGlobal
